// !$*UTF8*$!
{
	archiveVersion = 1;
	classes = {
	};
	objectVersion = 77;
	objects = {

/* Begin PBXBuildFile section */
		5B32D3B42EF989AF003866A7 /* Bai1.swift in Sources */ = {isa = PBXBuildFile; fileRef = 5B32D3B32EF989AF003866A7 /* Bai1.swift */; };
		5B32D3B72EF9973D003866A7 /* LTTBDDApp.swift in Sources */ = {isa = PBXBuildFile; fileRef = 5B32D3B62EF9973D003866A7 /* LTTBDDApp.swift */; };
		5B32D3B92EF9975D003866A7 /* HomeView.swift in Sources */ = {isa = PBXBuildFile; fileRef = 5B32D3B82EF9975D003866A7 /* HomeView.swift */; };
		5B32D3BB2EF99AB0003866A7 /* Week1MenuView.swift in Sources */ = {isa = PBXBuildFile; fileRef = 5B32D3BA2EF99AB0003866A7 /* Week1MenuView.swift */; };
		5B32D3BD2EF99AF1003866A7 /* Week2MenuView.swift in Sources */ = {isa = PBXBuildFile; fileRef = 5B32D3BC2EF99AF1003866A7 /* Week2MenuView.swift */; };
		5B32D3BF2EF99B7D003866A7 /* Week3MenuView.swift in Sources */ = {isa = PBXBuildFile; fileRef = 5B32D3BE2EF99B7D003866A7 /* Week3MenuView.swift */; };
		5B32D3C12EF99E9C003866A7 /* Assets.xcassets in Resources */ = {isa = PBXBuildFile; fileRef = 5B32D3C02EF99E9C003866A7 /* Assets.xcassets */; };
		5B32D3C42EF9AFBF003866A7 /* Bai1_Week2.swift in Sources */ = {isa = PBXBuildFile; fileRef = 5B32D3C32EF9AFBF003866A7 /* Bai1_Week2.swift */; };
		5B32D3C62EF9B024003866A7 /* Bai2_Week2.swift in Sources */ = {isa = PBXBuildFile; fileRef = 5B32D3C52EF9B024003866A7 /* Bai2_Week2.swift */; };
		5B32D3C92EF9B1C8003866A7 /* Bai1_Week3_NullableView.swift in Sources */ = {isa = PBXBuildFile; fileRef = 5B32D3C82EF9B1C8003866A7 /* Bai1_Week3_NullableView.swift */; };
		5B32D3CB2EF9B1E6003866A7 /* Bai2_Week3_PaymentView.swift in Sources */ = {isa = PBXBuildFile; fileRef = 5B32D3CA2EF9B1E6003866A7 /* Bai2_Week3_PaymentView.swift */; };
		5B32D3CD2EF9B202003866A7 /* Bai3_Week3_LibraryView.swift in Sources */ = {isa = PBXBuildFile; fileRef = 5B32D3CC2EF9B201003866A7 /* Bai3_Week3_LibraryView.swift */; };
/* End PBXBuildFile section */

/* Begin PBXFileReference section */
		5B32D3972EF98755003866A7 /* LTTBDD.app */ = {isa = PBXFileReference; explicitFileType = wrapper.application; includeInIndex = 0; path = LTTBDD.app; sourceTree = BUILT_PRODUCTS_DIR; };
		5B32D3B22EF989AF003866A7 /* LTTBDD-Bridging-Header.h */ = {isa = PBXFileReference; lastKnownFileType = sourcecode.c.h; path = "LTTBDD-Bridging-Header.h"; sourceTree = "<group>"; };
		5B32D3B32EF989AF003866A7 /* Bai1.swift */ = {isa = PBXFileReference; lastKnownFileType = sourcecode.swift; path = Bai1.swift; sourceTree = "<group>"; };
		5B32D3B62EF9973D003866A7 /* LTTBDDApp.swift */ = {isa = PBXFileReference; lastKnownFileType = sourcecode.swift; path = LTTBDDApp.swift; sourceTree = "<group>"; };
		5B32D3B82EF9975D003866A7 /* HomeView.swift */ = {isa = PBXFileReference; lastKnownFileType = sourcecode.swift; path = HomeView.swift; sourceTree = "<group>"; };
		5B32D3BA2EF99AB0003866A7 /* Week1MenuView.swift */ = {isa = PBXFileReference; lastKnownFileType = sourcecode.swift; path = Week1MenuView.swift; sourceTree = "<group>"; };
		5B32D3BC2EF99AF1003866A7 /* Week2MenuView.swift */ = {isa = PBXFileReference; lastKnownFileType = sourcecode.swift; path = Week2MenuView.swift; sourceTree = "<group>"; };
		5B32D3BE2EF99B7D003866A7 /* Week3MenuView.swift */ = {isa = PBXFileReference; lastKnownFileType = sourcecode.swift; path = Week3MenuView.swift; sourceTree = "<group>"; };
		5B32D3C02EF99E9C003866A7 /* Assets.xcassets */ = {isa = PBXFileReference; lastKnownFileType = folder.assetcatalog; path = Assets.xcassets; sourceTree = "<group>"; };
		5B32D3C32EF9AFBF003866A7 /* Bai1_Week2.swift */ = {isa = PBXFileReference; lastKnownFileType = sourcecode.swift; path = Bai1_Week2.swift; sourceTree = "<group>"; };
		5B32D3C52EF9B024003866A7 /* Bai2_Week2.swift */ = {isa = PBXFileReference; lastKnownFileType = sourcecode.swift; path = Bai2_Week2.swift; sourceTree = "<group>"; };
		5B32D3C82EF9B1C8003866A7 /* Bai1_Week3_NullableView.swift */ = {isa = PBXFileReference; lastKnownFileType = sourcecode.swift; path = Bai1_Week3_NullableView.swift; sourceTree = "<group>"; };
		5B32D3CA2EF9B1E6003866A7 /* Bai2_Week3_PaymentView.swift */ = {isa = PBXFileReference; lastKnownFileType = sourcecode.swift; path = Bai2_Week3_PaymentView.swift; sourceTree = "<group>"; };
		5B32D3CC2EF9B201003866A7 /* Bai3_Week3_LibraryView.swift */ = {isa = PBXFileReference; lastKnownFileType = sourcecode.swift; path = Bai3_Week3_LibraryView.swift; sourceTree = "<group>"; };
/* End PBXFileReference section */

/* Begin PBXFrameworksBuildPhase section */
		5B32D3942EF98755003866A7 /* Frameworks */ = {
			isa = PBXFrameworksBuildPhase;
			buildActionMask = 2147483647;
			files = (
			);
			runOnlyForDeploymentPostprocessing = 0;
		};
/* End PBXFrameworksBuildPhase section */

/* Begin PBXGroup section */
		5B32D38E2EF98755003866A7 = {
			isa = PBXGroup;
			children = (
				5B32D3B52EF99626003866A7 /* App */,
				5B32D3B02EF98947003866A7 /* Weeks */,
				5B32D3AE2EF98932003866A7 /* Shared */,
				5B32D3982EF98755003866A7 /* Products */,
			);
			sourceTree = "<group>";
		};
		5B32D3982EF98755003866A7 /* Products */ = {
			isa = PBXGroup;
			children = (
				5B32D3972EF98755003866A7 /* LTTBDD.app */,
			);
			name = Products;
			sourceTree = "<group>";
		};
		5B32D3AE2EF98932003866A7 /* Shared */ = {
			isa = PBXGroup;
			children = (
			);
			path = Shared;
			sourceTree = "<group>";
		};
		5B32D3B02EF98947003866A7 /* Weeks */ = {
			isa = PBXGroup;
			children = (
				5B32D3C72EF9B1B5003866A7 /* Tuan3 */,
				5B32D3C22EF9AF34003866A7 /* Tuan2 */,
				5B32D3B12EF98989003866A7 /* Tuan1 */,
			);
			path = Weeks;
			sourceTree = "<group>";
		};
		5B32D3B12EF98989003866A7 /* Tuan1 */ = {
			isa = PBXGroup;
			children = (
				5B32D3B32EF989AF003866A7 /* Bai1.swift */,
				5B32D3C02EF99E9C003866A7 /* Assets.xcassets */,
				5B32D3B22EF989AF003866A7 /* LTTBDD-Bridging-Header.h */,
			);
			path = Tuan1;
			sourceTree = "<group>";
		};
		5B32D3B52EF99626003866A7 /* App */ = {
			isa = PBXGroup;
			children = (
				5B32D3B62EF9973D003866A7 /* LTTBDDApp.swift */,
				5B32D3B82EF9975D003866A7 /* HomeView.swift */,
				5B32D3BA2EF99AB0003866A7 /* Week1MenuView.swift */,
				5B32D3BC2EF99AF1003866A7 /* Week2MenuView.swift */,
				5B32D3BE2EF99B7D003866A7 /* Week3MenuView.swift */,
			);
			path = App;
			sourceTree = "<group>";
		};
		5B32D3C22EF9AF34003866A7 /* Tuan2 */ = {
			isa = PBXGroup;
			children = (
				5B32D3C32EF9AFBF003866A7 /* Bai1_Week2.swift */,
				5B32D3C52EF9B024003866A7 /* Bai2_Week2.swift */,
			);
			path = Tuan2;
			sourceTree = "<group>";
		};
		5B32D3C72EF9B1B5003866A7 /* Tuan3 */ = {
			isa = PBXGroup;
			children = (
				5B32D3C82EF9B1C8003866A7 /* Bai1_Week3_NullableView.swift */,
				5B32D3CA2EF9B1E6003866A7 /* Bai2_Week3_PaymentView.swift */,
				5B32D3CC2EF9B201003866A7 /* Bai3_Week3_LibraryView.swift */,
			);
			path = Tuan3;
			sourceTree = "<group>";
		};
/* End PBXGroup section */

/* Begin PBXNativeTarget section */
		5B32D3962EF98755003866A7 /* LTTBDD */ = {
			isa = PBXNativeTarget;
			buildConfigurationList = 5B32D3A22EF98758003866A7 /* Build configuration list for PBXNativeTarget "LTTBDD" */;
			buildPhases = (
				5B32D3932EF98755003866A7 /* Sources */,
				5B32D3942EF98755003866A7 /* Frameworks */,
				5B32D3952EF98755003866A7 /* Resources */,
			);
			buildRules = (
			);
			dependencies = (
			);
			name = LTTBDD;
			packageProductDependencies = (
			);
			productName = LTTBDD;
			productReference = 5B32D3972EF98755003866A7 /* LTTBDD.app */;
			productType = "com.apple.product-type.application";
		};
/* End PBXNativeTarget section */

/* Begin PBXProject section */
		5B32D38F2EF98755003866A7 /* Project object */ = {
			isa = PBXProject;
			attributes = {
				BuildIndependentTargetsInParallel = 1;
				LastSwiftUpdateCheck = 2620;
				LastUpgradeCheck = 2620;
				TargetAttributes = {
					5B32D3962EF98755003866A7 = {
						CreatedOnToolsVersion = 26.2;
						LastSwiftMigration = 2620;
					};
				};
			};
			buildConfigurationList = 5B32D3922EF98755003866A7 /* Build configuration list for PBXProject "LTTBDD" */;
			developmentRegion = en;
			hasScannedForEncodings = 0;
			knownRegions = (
				en,
				Base,
			);
			mainGroup = 5B32D38E2EF98755003866A7;
			minimizedProjectReferenceProxies = 1;
			preferredProjectObjectVersion = 77;
			productRefGroup = 5B32D3982EF98755003866A7 /* Products */;
			projectDirPath = "";
			projectRoot = "";
			targets = (
				5B32D3962EF98755003866A7 /* LTTBDD */,
			);
		};
/* End PBXProject section */

/* Begin PBXResourcesBuildPhase section */
		5B32D3952EF98755003866A7 /* Resources */ = {
			isa = PBXResourcesBuildPhase;
			buildActionMask = 2147483647;
			files = (
				5B32D3C12EF99E9C003866A7 /* Assets.xcassets in Resources */,
			);
			runOnlyForDeploymentPostprocessing = 0;
		};
/* End PBXResourcesBuildPhase section */

/* Begin PBXSourcesBuildPhase section */
		5B32D3932EF98755003866A7 /* Sources */ = {
			isa = PBXSourcesBuildPhase;
			buildActionMask = 2147483647;
			files = (
				5B32D3C42EF9AFBF003866A7 /* Bai1_Week2.swift in Sources */,
				5B32D3C92EF9B1C8003866A7 /* Bai1_Week3_NullableView.swift in Sources */,
				5B32D3CD2EF9B202003866A7 /* Bai3_Week3_LibraryView.swift in Sources */,
				5B32D3B42EF989AF003866A7 /* Bai1.swift in Sources */,
				5B32D3CB2EF9B1E6003866A7 /* Bai2_Week3_PaymentView.swift in Sources */,
				5B32D3B72EF9973D003866A7 /* LTTBDDApp.swift in Sources */,
				5B32D3B92EF9975D003866A7 /* HomeView.swift in Sources */,
				5B32D3BF2EF99B7D003866A7 /* Week3MenuView.swift in Sources */,
				5B32D3BB2EF99AB0003866A7 /* Week1MenuView.swift in Sources */,
				5B32D3C62EF9B024003866A7 /* Bai2_Week2.swift in Sources */,
				5B32D3BD2EF99AF1003866A7 /* Week2MenuView.swift in Sources */,
			);
			runOnlyForDeploymentPostprocessing = 0;
		};
/* End PBXSourcesBuildPhase section */

/* Begin XCBuildConfiguration section */
		5B32D3A02EF98758003866A7 /* Debug */ = {
			isa = XCBuildConfiguration;
			buildSettings = {
				ALWAYS_SEARCH_USER_PATHS = NO;
				ASSETCATALOG_COMPILER_GENERATE_SWIFT_ASSET_SYMBOL_EXTENSIONS = YES;
				CLANG_ANALYZER_NONNULL = YES;
				CLANG_ANALYZER_NUMBER_OBJECT_CONVERSION = YES_AGGRESSIVE;
				CLANG_CXX_LANGUAGE_STANDARD = "gnu++20";
				CLANG_ENABLE_MODULES = YES;
				CLANG_ENABLE_OBJC_ARC = YES;
				CLANG_ENABLE_OBJC_WEAK = YES;
				CLANG_WARN_BLOCK_CAPTURE_AUTORELEASING = YES;
				CLANG_WARN_BOOL_CONVERSION = YES;
				CLANG_WARN_COMMA = YES;
				CLANG_WARN_CONSTANT_CONVERSION = YES;
				CLANG_WARN_DEPRECATED_OBJC_IMPLEMENTATIONS = YES;
				CLANG_WARN_DIRECT_OBJC_ISA_USAGE = YES_ERROR;
				CLANG_WARN_DOCUMENTATION_COMMENTS = YES;
				CLANG_WARN_EMPTY_BODY = YES;
				CLANG_WARN_ENUM_CONVERSION = YES;
				CLANG_WARN_INFINITE_RECURSION = YES;
				CLANG_WARN_INT_CONVERSION = YES;
				CLANG_WARN_NON_LITERAL_NULL_CONVERSION = YES;
				CLANG_WARN_OBJC_IMPLICIT_RETAIN_SELF = YES;
				CLANG_WARN_OBJC_LITERAL_CONVERSION = YES;
				CLANG_WARN_OBJC_ROOT_CLASS = YES_ERROR;
				CLANG_WARN_QUOTED_INCLUDE_IN_FRAMEWORK_HEADER = YES;
				CLANG_WARN_RANGE_LOOP_ANALYSIS = YES;
				CLANG_WARN_STRICT_PROTOTYPES = YES;
				CLANG_WARN_SUSPICIOUS_MOVE = YES;
				CLANG_WARN_UNGUARDED_AVAILABILITY = YES_AGGRESSIVE;
				CLANG_WARN_UNREACHABLE_CODE = YES;
				CLANG_WARN__DUPLICATE_METHOD_MATCH = YES;
				COPY_PHASE_STRIP = NO;
				DEBUG_INFORMATION_FORMAT = dwarf;
				ENABLE_STRICT_OBJC_MSGSEND = YES;
				ENABLE_TESTABILITY = YES;
				ENABLE_USER_SCRIPT_SANDBOXING = YES;
				GCC_C_LANGUAGE_STANDARD = gnu17;
				GCC_DYNAMIC_NO_PIC = NO;
				GCC_NO_COMMON_BLOCKS = YES;
				GCC_OPTIMIZATION_LEVEL = 0;
				GCC_PREPROCESSOR_DEFINITIONS = (
					"DEBUG=1",
					"$(inherited)",
				);
				GCC_WARN_64_TO_32_BIT_CONVERSION = YES;
				GCC_WARN_ABOUT_RETURN_TYPE = YES_ERROR;
				GCC_WARN_UNDECLARED_SELECTOR = YES;
				GCC_WARN_UNINITIALIZED_AUTOS = YES_AGGRESSIVE;
				GCC_WARN_UNUSED_FUNCTION = YES;
				GCC_WARN_UNUSED_VARIABLE = YES;
				IPHONEOS_DEPLOYMENT_TARGET = 26.2;
				LOCALIZATION_PREFERS_STRING_CATALOGS = YES;
				MTL_ENABLE_DEBUG_INFO = INCLUDE_SOURCE;
				MTL_FAST_MATH = YES;
				ONLY_ACTIVE_ARCH = YES;
				SDKROOT = iphoneos;
				SWIFT_ACTIVE_COMPILATION_CONDITIONS = "DEBUG $(inherited)";
				SWIFT_OPTIMIZATION_LEVEL = "-Onone";
			};
			name = Debug;
		};
		5B32D3A12EF98758003866A7 /* Release */ = {
			isa = XCBuildConfiguration;
			buildSettings = {
				ALWAYS_SEARCH_USER_PATHS = NO;
				ASSETCATALOG_COMPILER_GENERATE_SWIFT_ASSET_SYMBOL_EXTENSIONS = YES;
				CLANG_ANALYZER_NONNULL = YES;
				CLANG_ANALYZER_NUMBER_OBJECT_CONVERSION = YES_AGGRESSIVE;
				CLANG_CXX_LANGUAGE_STANDARD = "gnu++20";
				CLANG_ENABLE_MODULES = YES;
				CLANG_ENABLE_OBJC_ARC = YES;
				CLANG_ENABLE_OBJC_WEAK = YES;
				CLANG_WARN_BLOCK_CAPTURE_AUTORELEASING = YES;
				CLANG_WARN_BOOL_CONVERSION = YES;
				CLANG_WARN_COMMA = YES;
				CLANG_WARN_CONSTANT_CONVERSION = YES;
				CLANG_WARN_DEPRECATED_OBJC_IMPLEMENTATIONS = YES;
				CLANG_WARN_DIRECT_OBJC_ISA_USAGE = YES_ERROR;
				CLANG_WARN_DOCUMENTATION_COMMENTS = YES;
				CLANG_WARN_EMPTY_BODY = YES;
				CLANG_WARN_ENUM_CONVERSION = YES;
				CLANG_WARN_INFINITE_RECURSION = YES;
				CLANG_WARN_INT_CONVERSION = YES;
				CLANG_WARN_NON_LITERAL_NULL_CONVERSION = YES;
				CLANG_WARN_OBJC_IMPLICIT_RETAIN_SELF = YES;
				CLANG_WARN_OBJC_LITERAL_CONVERSION = YES;
				CLANG_WARN_OBJC_ROOT_CLASS = YES_ERROR;
				CLANG_WARN_QUOTED_INCLUDE_IN_FRAMEWORK_HEADER = YES;
				CLANG_WARN_RANGE_LOOP_ANALYSIS = YES;
				CLANG_WARN_STRICT_PROTOTYPES = YES;
				CLANG_WARN_SUSPICIOUS_MOVE = YES;
				CLANG_WARN_UNGUARDED_AVAILABILITY = YES_AGGRESSIVE;
				CLANG_WARN_UNREACHABLE_CODE = YES;
				CLANG_WARN__DUPLICATE_METHOD_MATCH = YES;
				COPY_PHASE_STRIP = NO;
				DEBUG_INFORMATION_FORMAT = "dwarf-with-dsym";
				ENABLE_NS_ASSERTIONS = NO;
				ENABLE_STRICT_OBJC_MSGSEND = YES;
				ENABLE_USER_SCRIPT_SANDBOXING = YES;
				GCC_C_LANGUAGE_STANDARD = gnu17;
				GCC_NO_COMMON_BLOCKS = YES;
				GCC_WARN_64_TO_32_BIT_CONVERSION = YES;
				GCC_WARN_ABOUT_RETURN_TYPE = YES_ERROR;
				GCC_WARN_UNDECLARED_SELECTOR = YES;
				GCC_WARN_UNINITIALIZED_AUTOS = YES_AGGRESSIVE;
				GCC_WARN_UNUSED_FUNCTION = YES;
				GCC_WARN_UNUSED_VARIABLE = YES;
				IPHONEOS_DEPLOYMENT_TARGET = 26.2;
				LOCALIZATION_PREFERS_STRING_CATALOGS = YES;
				MTL_ENABLE_DEBUG_INFO = NO;
				MTL_FAST_MATH = YES;
				SDKROOT = iphoneos;
				SWIFT_COMPILATION_MODE = wholemodule;
				VALIDATE_PRODUCT = YES;
			};
			name = Release;
		};
		5B32D3A32EF98758003866A7 /* Debug */ = {
			isa = XCBuildConfiguration;
			buildSettings = {
				ASSETCATALOG_COMPILER_APPICON_NAME = AppIcon;
				ASSETCATALOG_COMPILER_GLOBAL_ACCENT_COLOR_NAME = AccentColor;
				CLANG_ENABLE_MODULES = YES;
				CODE_SIGN_STYLE = Automatic;
				CURRENT_PROJECT_VERSION = 1;
				ENABLE_PREVIEWS = YES;
				GENERATE_INFOPLIST_FILE = YES;
				INFOPLIST_KEY_UIApplicationSceneManifest_Generation = YES;
				INFOPLIST_KEY_UIApplicationSupportsIndirectInputEvents = YES;
				INFOPLIST_KEY_UILaunchScreen_Generation = YES;
				INFOPLIST_KEY_UISupportedInterfaceOrientations_iPad = "UIInterfaceOrientationPortrait UIInterfaceOrientationPortraitUpsideDown UIInterfaceOrientationLandscapeLeft UIInterfaceOrientationLandscapeRight";
				INFOPLIST_KEY_UISupportedInterfaceOrientations_iPhone = "UIInterfaceOrientationPortrait UIInterfaceOrientationLandscapeLeft UIInterfaceOrientationLandscapeRight";
				LD_RUNPATH_SEARCH_PATHS = (
					"$(inherited)",
					"@executable_path/Frameworks",
				);
				MARKETING_VERSION = 1.0;
				PRODUCT_BUNDLE_IDENTIFIER = VuMinhQuang.LTTBDD;
				PRODUCT_NAME = "$(TARGET_NAME)";
				STRING_CATALOG_GENERATE_SYMBOLS = YES;
				SWIFT_APPROACHABLE_CONCURRENCY = YES;
				SWIFT_DEFAULT_ACTOR_ISOLATION = MainActor;
				SWIFT_EMIT_LOC_STRINGS = YES;
				SWIFT_OBJC_BRIDGING_HEADER = "Weeks/Tuan1/LTTBDD-Bridging-Header.h";
				SWIFT_OPTIMIZATION_LEVEL = "-Onone";
				SWIFT_UPCOMING_FEATURE_MEMBER_IMPORT_VISIBILITY = YES;
				SWIFT_VERSION = 5.0;
				TARGETED_DEVICE_FAMILY = "1,2";
			};
			name = Debug;
		};
		5B32D3A42EF98758003866A7 /* Release */ = {
			isa = XCBuildConfiguration;
			buildSettings = {
				ASSETCATALOG_COMPILER_APPICON_NAME = AppIcon;
				ASSETCATALOG_COMPILER_GLOBAL_ACCENT_COLOR_NAME = AccentColor;
				CLANG_ENABLE_MODULES = YES;
				CODE_SIGN_STYLE = Automatic;
				CURRENT_PROJECT_VERSION = 1;
				ENABLE_PREVIEWS = YES;
				GENERATE_INFOPLIST_FILE = YES;
				INFOPLIST_KEY_UIApplicationSceneManifest_Generation = YES;
				INFOPLIST_KEY_UIApplicationSupportsIndirectInputEvents = YES;
				INFOPLIST_KEY_UILaunchScreen_Generation = YES;
				INFOPLIST_KEY_UISupportedInterfaceOrientations_iPad = "UIInterfaceOrientationPortrait UIInterfaceOrientationPortraitUpsideDown UIInterfaceOrientationLandscapeLeft UIInterfaceOrientationLandscapeRight";
				INFOPLIST_KEY_UISupportedInterfaceOrientations_iPhone = "UIInterfaceOrientationPortrait UIInterfaceOrientationLandscapeLeft UIInterfaceOrientationLandscapeRight";
				LD_RUNPATH_SEARCH_PATHS = (
					"$(inherited)",
					"@executable_path/Frameworks",
				);
				MARKETING_VERSION = 1.0;
				PRODUCT_BUNDLE_IDENTIFIER = VuMinhQuang.LTTBDD;
				PRODUCT_NAME = "$(TARGET_NAME)";
				STRING_CATALOG_GENERATE_SYMBOLS = YES;
				SWIFT_APPROACHABLE_CONCURRENCY = YES;
				SWIFT_DEFAULT_ACTOR_ISOLATION = MainActor;
				SWIFT_EMIT_LOC_STRINGS = YES;
				SWIFT_OBJC_BRIDGING_HEADER = "Weeks/Tuan1/LTTBDD-Bridging-Header.h";
				SWIFT_UPCOMING_FEATURE_MEMBER_IMPORT_VISIBILITY = YES;
				SWIFT_VERSION = 5.0;
				TARGETED_DEVICE_FAMILY = "1,2";
			};
			name = Release;
		};
/* End XCBuildConfiguration section */

/* Begin XCConfigurationList section */
		5B32D3922EF98755003866A7 /* Build configuration list for PBXProject "LTTBDD" */ = {
			isa = XCConfigurationList;
			buildConfigurations = (
				5B32D3A02EF98758003866A7 /* Debug */,
				5B32D3A12EF98758003866A7 /* Release */,
			);
			defaultConfigurationIsVisible = 0;
			defaultConfigurationName = Release;
		};
		5B32D3A22EF98758003866A7 /* Build configuration list for PBXNativeTarget "LTTBDD" */ = {
			isa = XCConfigurationList;
			buildConfigurations = (
				5B32D3A32EF98758003866A7 /* Debug */,
				5B32D3A42EF98758003866A7 /* Release */,
			);
			defaultConfigurationIsVisible = 0;
			defaultConfigurationName = Release;
		};
/* End XCConfigurationList section */
	};
	rootObject = 5B32D38F2EF98755003866A7 /* Project object */;
}
